// !$*UTF8*$!
{
	archiveVersion = 1;
	classes = {
	};
	objectVersion = 55;
	objects = {

/* Begin PBXBuildFile section */
		E108F68228E4807400766644 /* TagFilterTableViewController.swift in Sources */ = {isa = PBXBuildFile; fileRef = E108F68128E4807400766644 /* TagFilterTableViewController.swift */; };
		E108F68528E49D5C00766644 /* TagFilterTableViewCell.swift in Sources */ = {isa = PBXBuildFile; fileRef = E108F68328E49D5C00766644 /* TagFilterTableViewCell.swift */; };
		E108F68628E49D5C00766644 /* TagFilterTableViewCell.xib in Resources */ = {isa = PBXBuildFile; fileRef = E108F68428E49D5C00766644 /* TagFilterTableViewCell.xib */; };
		E168822328EE27D00006F71D /* TagsTableViewController.swift in Sources */ = {isa = PBXBuildFile; fileRef = E168822228EE27D00006F71D /* TagsTableViewController.swift */; };
		E17CA36328BE42A300F357B2 /* AddEditDiscTableViewController.swift in Sources */ = {isa = PBXBuildFile; fileRef = E17CA36228BE42A300F357B2 /* AddEditDiscTableViewController.swift */; };
		E17CA36528C3919800F357B2 /* MainTabBarController.swift in Sources */ = {isa = PBXBuildFile; fileRef = E17CA36428C3919800F357B2 /* MainTabBarController.swift */; };
		E17CA36728C780AC00F357B2 /* Cash.swift in Sources */ = {isa = PBXBuildFile; fileRef = E17CA36628C780AC00F357B2 /* Cash.swift */; };
		E17CA36928C786F700F357B2 /* CashTableViewController.swift in Sources */ = {isa = PBXBuildFile; fileRef = E17CA36828C786F700F357B2 /* CashTableViewController.swift */; };
		E17CA36B28C7871200F357B2 /* AddEditCashTableViewController.swift in Sources */ = {isa = PBXBuildFile; fileRef = E17CA36A28C7871200F357B2 /* AddEditCashTableViewController.swift */; };
		E1A9F35528EC94C3000E2F90 /* FilterView.swift in Sources */ = {isa = PBXBuildFile; fileRef = E1A9F35428EC94C3000E2F90 /* FilterView.swift */; };
		E1AEF23428CF91AA006CE66C /* Utility.swift in Sources */ = {isa = PBXBuildFile; fileRef = E1AEF23328CF91AA006CE66C /* Utility.swift */; };
		E1BB2A7328F0CF4B00DB834B /* Tag.swift in Sources */ = {isa = PBXBuildFile; fileRef = E1BB2A7228F0CF4B00DB834B /* Tag.swift */; };
		E1F3C45728B7B25A0039013E /* AppDelegate.swift in Sources */ = {isa = PBXBuildFile; fileRef = E1F3C45628B7B25A0039013E /* AppDelegate.swift */; };
		E1F3C45928B7B25A0039013E /* SceneDelegate.swift in Sources */ = {isa = PBXBuildFile; fileRef = E1F3C45828B7B25A0039013E /* SceneDelegate.swift */; };
		E1F3C45E28B7B25A0039013E /* Main.storyboard in Resources */ = {isa = PBXBuildFile; fileRef = E1F3C45C28B7B25A0039013E /* Main.storyboard */; };
		E1F3C46028B7B2600039013E /* Assets.xcassets in Resources */ = {isa = PBXBuildFile; fileRef = E1F3C45F28B7B2600039013E /* Assets.xcassets */; };
		E1F3C46328B7B2600039013E /* LaunchScreen.storyboard in Resources */ = {isa = PBXBuildFile; fileRef = E1F3C46128B7B2600039013E /* LaunchScreen.storyboard */; };
		E1F3C46F28BCF1C30039013E /* Disc.swift in Sources */ = {isa = PBXBuildFile; fileRef = E1F3C46E28BCF1C30039013E /* Disc.swift */; };
		E1F3C47428BCFB3A0039013E /* DashboardViewController.swift in Sources */ = {isa = PBXBuildFile; fileRef = E1F3C47328BCFB3A0039013E /* DashboardViewController.swift */; };
		E1F3C47628BCFC840039013E /* InventoryTableViewController.swift in Sources */ = {isa = PBXBuildFile; fileRef = E1F3C47528BCFC840039013E /* InventoryTableViewController.swift */; };
/* End PBXBuildFile section */

/* Begin PBXFileReference section */
		E108F68128E4807400766644 /* TagFilterTableViewController.swift */ = {isa = PBXFileReference; lastKnownFileType = sourcecode.swift; path = TagFilterTableViewController.swift; sourceTree = "<group>"; };
		E108F68328E49D5C00766644 /* TagFilterTableViewCell.swift */ = {isa = PBXFileReference; lastKnownFileType = sourcecode.swift; path = TagFilterTableViewCell.swift; sourceTree = "<group>"; };
		E108F68428E49D5C00766644 /* TagFilterTableViewCell.xib */ = {isa = PBXFileReference; lastKnownFileType = file.xib; path = TagFilterTableViewCell.xib; sourceTree = "<group>"; };
		E168822228EE27D00006F71D /* TagsTableViewController.swift */ = {isa = PBXFileReference; lastKnownFileType = sourcecode.swift; path = TagsTableViewController.swift; sourceTree = "<group>"; };
		E17CA36228BE42A300F357B2 /* AddEditDiscTableViewController.swift */ = {isa = PBXFileReference; lastKnownFileType = sourcecode.swift; path = AddEditDiscTableViewController.swift; sourceTree = "<group>"; };
		E17CA36428C3919800F357B2 /* MainTabBarController.swift */ = {isa = PBXFileReference; lastKnownFileType = sourcecode.swift; path = MainTabBarController.swift; sourceTree = "<group>"; };
		E17CA36628C780AC00F357B2 /* Cash.swift */ = {isa = PBXFileReference; lastKnownFileType = sourcecode.swift; path = Cash.swift; sourceTree = "<group>"; };
		E17CA36828C786F700F357B2 /* CashTableViewController.swift */ = {isa = PBXFileReference; lastKnownFileType = sourcecode.swift; path = CashTableViewController.swift; sourceTree = "<group>"; };
		E17CA36A28C7871200F357B2 /* AddEditCashTableViewController.swift */ = {isa = PBXFileReference; lastKnownFileType = sourcecode.swift; path = AddEditCashTableViewController.swift; sourceTree = "<group>"; };
		E1A9F35428EC94C3000E2F90 /* FilterView.swift */ = {isa = PBXFileReference; lastKnownFileType = sourcecode.swift; path = FilterView.swift; sourceTree = "<group>"; };
		E1AEF23328CF91AA006CE66C /* Utility.swift */ = {isa = PBXFileReference; lastKnownFileType = sourcecode.swift; path = Utility.swift; sourceTree = "<group>"; };
		E1BB2A7228F0CF4B00DB834B /* Tag.swift */ = {isa = PBXFileReference; lastKnownFileType = sourcecode.swift; path = Tag.swift; sourceTree = "<group>"; };
		E1F3C45328B7B25A0039013E /* DiscFlip.app */ = {isa = PBXFileReference; explicitFileType = wrapper.application; includeInIndex = 0; path = DiscFlip.app; sourceTree = BUILT_PRODUCTS_DIR; };
		E1F3C45628B7B25A0039013E /* AppDelegate.swift */ = {isa = PBXFileReference; lastKnownFileType = sourcecode.swift; path = AppDelegate.swift; sourceTree = "<group>"; };
		E1F3C45828B7B25A0039013E /* SceneDelegate.swift */ = {isa = PBXFileReference; lastKnownFileType = sourcecode.swift; path = SceneDelegate.swift; sourceTree = "<group>"; };
		E1F3C45D28B7B25A0039013E /* Base */ = {isa = PBXFileReference; lastKnownFileType = file.storyboard; name = Base; path = Base.lproj/Main.storyboard; sourceTree = "<group>"; };
		E1F3C45F28B7B2600039013E /* Assets.xcassets */ = {isa = PBXFileReference; lastKnownFileType = folder.assetcatalog; path = Assets.xcassets; sourceTree = "<group>"; };
		E1F3C46228B7B2600039013E /* Base */ = {isa = PBXFileReference; lastKnownFileType = file.storyboard; name = Base; path = Base.lproj/LaunchScreen.storyboard; sourceTree = "<group>"; };
		E1F3C46428B7B2600039013E /* Info.plist */ = {isa = PBXFileReference; lastKnownFileType = text.plist.xml; path = Info.plist; sourceTree = "<group>"; };
		E1F3C46E28BCF1C30039013E /* Disc.swift */ = {isa = PBXFileReference; lastKnownFileType = sourcecode.swift; path = Disc.swift; sourceTree = "<group>"; };
		E1F3C47328BCFB3A0039013E /* DashboardViewController.swift */ = {isa = PBXFileReference; lastKnownFileType = sourcecode.swift; path = DashboardViewController.swift; sourceTree = "<group>"; };
		E1F3C47528BCFC840039013E /* InventoryTableViewController.swift */ = {isa = PBXFileReference; lastKnownFileType = sourcecode.swift; path = InventoryTableViewController.swift; sourceTree = "<group>"; };
/* End PBXFileReference section */

/* Begin PBXFrameworksBuildPhase section */
		E1F3C45028B7B25A0039013E /* Frameworks */ = {
			isa = PBXFrameworksBuildPhase;
			buildActionMask = 2147483647;
			files = (
			);
			runOnlyForDeploymentPostprocessing = 0;
		};
/* End PBXFrameworksBuildPhase section */

/* Begin PBXGroup section */
		E108F68828E4AFB300766644 /* Views */ = {
			isa = PBXGroup;
			children = (
				E108F68B28E9B18700766644 /* View Models */,
				E108F68428E49D5C00766644 /* TagFilterTableViewCell.xib */,
				E1DBEE4728DA593B00FBE91E /* Storyboards */,
			);
			path = Views;
			sourceTree = "<group>";
		};
		E108F68B28E9B18700766644 /* View Models */ = {
			isa = PBXGroup;
			children = (
				E108F68328E49D5C00766644 /* TagFilterTableViewCell.swift */,
				E1A9F35428EC94C3000E2F90 /* FilterView.swift */,
			);
			path = "View Models";
			sourceTree = "<group>";
		};
		E168822428EE27F10006F71D /* Tag Controllers */ = {
			isa = PBXGroup;
			children = (
				E168822228EE27D00006F71D /* TagsTableViewController.swift */,
			);
			path = "Tag Controllers";
			sourceTree = "<group>";
		};
		E17CA36C28C79DDD00F357B2 /* Cash Controllers */ = {
			isa = PBXGroup;
			children = (
				E17CA36828C786F700F357B2 /* CashTableViewController.swift */,
				E17CA36A28C7871200F357B2 /* AddEditCashTableViewController.swift */,
			);
			path = "Cash Controllers";
			sourceTree = "<group>";
		};
		E17CA36E28C79DED00F357B2 /* Inventory Controllers */ = {
			isa = PBXGroup;
			children = (
				E1F3C47528BCFC840039013E /* InventoryTableViewController.swift */,
				E17CA36228BE42A300F357B2 /* AddEditDiscTableViewController.swift */,
				E108F68128E4807400766644 /* TagFilterTableViewController.swift */,
			);
			path = "Inventory Controllers";
			sourceTree = "<group>";
		};
		E1DBEE4628DA592F00FBE91E /* Delegates */ = {
			isa = PBXGroup;
			children = (
				E1F3C45628B7B25A0039013E /* AppDelegate.swift */,
				E1F3C45828B7B25A0039013E /* SceneDelegate.swift */,
			);
			path = Delegates;
			sourceTree = "<group>";
		};
		E1DBEE4728DA593B00FBE91E /* Storyboards */ = {
			isa = PBXGroup;
			children = (
				E1F3C45C28B7B25A0039013E /* Main.storyboard */,
				E1F3C46128B7B2600039013E /* LaunchScreen.storyboard */,
			);
			path = Storyboards;
			sourceTree = "<group>";
		};
		E1DBEE4828DA594C00FBE91E /* Other */ = {
			isa = PBXGroup;
			children = (
				E1AEF23328CF91AA006CE66C /* Utility.swift */,
			);
			path = Other;
			sourceTree = "<group>";
		};
		E1F3C44A28B7B25A0039013E = {
			isa = PBXGroup;
			children = (
				E1F3C45528B7B25A0039013E /* DiscFlip */,
				E1F3C45428B7B25A0039013E /* Products */,
			);
			sourceTree = "<group>";
		};
		E1F3C45428B7B25A0039013E /* Products */ = {
			isa = PBXGroup;
			children = (
				E1F3C45328B7B25A0039013E /* DiscFlip.app */,
			);
			name = Products;
			sourceTree = "<group>";
		};
		E1F3C45528B7B25A0039013E /* DiscFlip */ = {
			isa = PBXGroup;
			children = (
				E108F68828E4AFB300766644 /* Views */,
				E1F3C46B28BCEDC70039013E /* Controllers */,
				E1F3C46A28BCEDBA0039013E /* Models */,
				E1DBEE4828DA594C00FBE91E /* Other */,
				E1DBEE4628DA592F00FBE91E /* Delegates */,
				E1F3C45F28B7B2600039013E /* Assets.xcassets */,
				E1F3C46428B7B2600039013E /* Info.plist */,
			);
			path = DiscFlip;
			sourceTree = "<group>";
		};
		E1F3C46A28BCEDBA0039013E /* Models */ = {
			isa = PBXGroup;
			children = (
				E1F3C46E28BCF1C30039013E /* Disc.swift */,
				E17CA36628C780AC00F357B2 /* Cash.swift */,
				E1BB2A7228F0CF4B00DB834B /* Tag.swift */,
			);
			path = Models;
			sourceTree = "<group>";
		};
		E1F3C46B28BCEDC70039013E /* Controllers */ = {
			isa = PBXGroup;
			children = (
				E17CA36428C3919800F357B2 /* MainTabBarController.swift */,
				E1F3C47328BCFB3A0039013E /* DashboardViewController.swift */,
				E17CA36C28C79DDD00F357B2 /* Cash Controllers */,
				E17CA36E28C79DED00F357B2 /* Inventory Controllers */,
				E168822428EE27F10006F71D /* Tag Controllers */,
			);
			path = Controllers;
			sourceTree = "<group>";
		};
/* End PBXGroup section */

/* Begin PBXNativeTarget section */
		E1F3C45228B7B25A0039013E /* DiscFlip */ = {
			isa = PBXNativeTarget;
			buildConfigurationList = E1F3C46728B7B2600039013E /* Build configuration list for PBXNativeTarget "DiscFlip" */;
			buildPhases = (
				E1F3C44F28B7B25A0039013E /* Sources */,
				E1F3C45028B7B25A0039013E /* Frameworks */,
				E1F3C45128B7B25A0039013E /* Resources */,
			);
			buildRules = (
			);
			dependencies = (
			);
			name = DiscFlip;
			productName = DiscFlip;
			productReference = E1F3C45328B7B25A0039013E /* DiscFlip.app */;
			productType = "com.apple.product-type.application";
		};
/* End PBXNativeTarget section */

/* Begin PBXProject section */
		E1F3C44B28B7B25A0039013E /* Project object */ = {
			isa = PBXProject;
			attributes = {
				BuildIndependentTargetsInParallel = 1;
				LastSwiftUpdateCheck = 1340;
				LastUpgradeCheck = 1340;
				TargetAttributes = {
					E1F3C45228B7B25A0039013E = {
						CreatedOnToolsVersion = 13.4.1;
					};
				};
			};
			buildConfigurationList = E1F3C44E28B7B25A0039013E /* Build configuration list for PBXProject "DiscFlip" */;
			compatibilityVersion = "Xcode 13.0";
			developmentRegion = en;
			hasScannedForEncodings = 0;
			knownRegions = (
				en,
				Base,
			);
			mainGroup = E1F3C44A28B7B25A0039013E;
			productRefGroup = E1F3C45428B7B25A0039013E /* Products */;
			projectDirPath = "";
			projectRoot = "";
			targets = (
				E1F3C45228B7B25A0039013E /* DiscFlip */,
			);
		};
/* End PBXProject section */

/* Begin PBXResourcesBuildPhase section */
		E1F3C45128B7B25A0039013E /* Resources */ = {
			isa = PBXResourcesBuildPhase;
			buildActionMask = 2147483647;
			files = (
				E108F68628E49D5C00766644 /* TagFilterTableViewCell.xib in Resources */,
				E1F3C46328B7B2600039013E /* LaunchScreen.storyboard in Resources */,
				E1F3C46028B7B2600039013E /* Assets.xcassets in Resources */,
				E1F3C45E28B7B25A0039013E /* Main.storyboard in Resources */,
			);
			runOnlyForDeploymentPostprocessing = 0;
		};
/* End PBXResourcesBuildPhase section */

/* Begin PBXSourcesBuildPhase section */
		E1F3C44F28B7B25A0039013E /* Sources */ = {
			isa = PBXSourcesBuildPhase;
			buildActionMask = 2147483647;
			files = (
				E1BB2A7328F0CF4B00DB834B /* Tag.swift in Sources */,
				E1A9F35528EC94C3000E2F90 /* FilterView.swift in Sources */,
				E1F3C46F28BCF1C30039013E /* Disc.swift in Sources */,
				E1F3C47628BCFC840039013E /* InventoryTableViewController.swift in Sources */,
				E1F3C47428BCFB3A0039013E /* DashboardViewController.swift in Sources */,
				E1AEF23428CF91AA006CE66C /* Utility.swift in Sources */,
				E17CA36528C3919800F357B2 /* MainTabBarController.swift in Sources */,
				E17CA36728C780AC00F357B2 /* Cash.swift in Sources */,
				E108F68228E4807400766644 /* TagFilterTableViewController.swift in Sources */,
				E17CA36928C786F700F357B2 /* CashTableViewController.swift in Sources */,
				E17CA36B28C7871200F357B2 /* AddEditCashTableViewController.swift in Sources */,
				E168822328EE27D00006F71D /* TagsTableViewController.swift in Sources */,
				E1F3C45728B7B25A0039013E /* AppDelegate.swift in Sources */,
				E1F3C45928B7B25A0039013E /* SceneDelegate.swift in Sources */,
				E108F68528E49D5C00766644 /* TagFilterTableViewCell.swift in Sources */,
				E17CA36328BE42A300F357B2 /* AddEditDiscTableViewController.swift in Sources */,
			);
			runOnlyForDeploymentPostprocessing = 0;
		};
/* End PBXSourcesBuildPhase section */

/* Begin PBXVariantGroup section */
		E1F3C45C28B7B25A0039013E /* Main.storyboard */ = {
			isa = PBXVariantGroup;
			children = (
				E1F3C45D28B7B25A0039013E /* Base */,
			);
			name = Main.storyboard;
			sourceTree = "<group>";
		};
		E1F3C46128B7B2600039013E /* LaunchScreen.storyboard */ = {
			isa = PBXVariantGroup;
			children = (
				E1F3C46228B7B2600039013E /* Base */,
			);
			name = LaunchScreen.storyboard;
			sourceTree = "<group>";
		};
/* End PBXVariantGroup section */

/* Begin XCBuildConfiguration section */
		E1F3C46528B7B2600039013E /* Debug */ = {
			isa = XCBuildConfiguration;
			buildSettings = {
				ALWAYS_SEARCH_USER_PATHS = NO;
				CLANG_ANALYZER_NONNULL = YES;
				CLANG_ANALYZER_NUMBER_OBJECT_CONVERSION = YES_AGGRESSIVE;
				CLANG_CXX_LANGUAGE_STANDARD = "gnu++17";
				CLANG_ENABLE_MODULES = YES;
				CLANG_ENABLE_OBJC_ARC = YES;
				CLANG_ENABLE_OBJC_WEAK = YES;
				CLANG_WARN_BLOCK_CAPTURE_AUTORELEASING = YES;
				CLANG_WARN_BOOL_CONVERSION = YES;
				CLANG_WARN_COMMA = YES;
				CLANG_WARN_CONSTANT_CONVERSION = YES;
				CLANG_WARN_DEPRECATED_OBJC_IMPLEMENTATIONS = YES;
				CLANG_WARN_DIRECT_OBJC_ISA_USAGE = YES_ERROR;
				CLANG_WARN_DOCUMENTATION_COMMENTS = YES;
				CLANG_WARN_EMPTY_BODY = YES;
				CLANG_WARN_ENUM_CONVERSION = YES;
				CLANG_WARN_INFINITE_RECURSION = YES;
				CLANG_WARN_INT_CONVERSION = YES;
				CLANG_WARN_NON_LITERAL_NULL_CONVERSION = YES;
				CLANG_WARN_OBJC_IMPLICIT_RETAIN_SELF = YES;
				CLANG_WARN_OBJC_LITERAL_CONVERSION = YES;
				CLANG_WARN_OBJC_ROOT_CLASS = YES_ERROR;
				CLANG_WARN_QUOTED_INCLUDE_IN_FRAMEWORK_HEADER = YES;
				CLANG_WARN_RANGE_LOOP_ANALYSIS = YES;
				CLANG_WARN_STRICT_PROTOTYPES = YES;
				CLANG_WARN_SUSPICIOUS_MOVE = YES;
				CLANG_WARN_UNGUARDED_AVAILABILITY = YES_AGGRESSIVE;
				CLANG_WARN_UNREACHABLE_CODE = YES;
				CLANG_WARN__DUPLICATE_METHOD_MATCH = YES;
				COPY_PHASE_STRIP = NO;
				DEBUG_INFORMATION_FORMAT = dwarf;
				ENABLE_STRICT_OBJC_MSGSEND = YES;
				ENABLE_TESTABILITY = YES;
				GCC_C_LANGUAGE_STANDARD = gnu11;
				GCC_DYNAMIC_NO_PIC = NO;
				GCC_NO_COMMON_BLOCKS = YES;
				GCC_OPTIMIZATION_LEVEL = 0;
				GCC_PREPROCESSOR_DEFINITIONS = (
					"DEBUG=1",
					"$(inherited)",
				);
				GCC_WARN_64_TO_32_BIT_CONVERSION = YES;
				GCC_WARN_ABOUT_RETURN_TYPE = YES_ERROR;
				GCC_WARN_UNDECLARED_SELECTOR = YES;
				GCC_WARN_UNINITIALIZED_AUTOS = YES_AGGRESSIVE;
				GCC_WARN_UNUSED_FUNCTION = YES;
				GCC_WARN_UNUSED_VARIABLE = YES;
				IPHONEOS_DEPLOYMENT_TARGET = 15.5;
				MTL_ENABLE_DEBUG_INFO = INCLUDE_SOURCE;
				MTL_FAST_MATH = YES;
				ONLY_ACTIVE_ARCH = YES;
				SDKROOT = iphoneos;
				SWIFT_ACTIVE_COMPILATION_CONDITIONS = DEBUG;
				SWIFT_OPTIMIZATION_LEVEL = "-Onone";
			};
			name = Debug;
		};
		E1F3C46628B7B2600039013E /* Release */ = {
			isa = XCBuildConfiguration;
			buildSettings = {
				ALWAYS_SEARCH_USER_PATHS = NO;
				CLANG_ANALYZER_NONNULL = YES;
				CLANG_ANALYZER_NUMBER_OBJECT_CONVERSION = YES_AGGRESSIVE;
				CLANG_CXX_LANGUAGE_STANDARD = "gnu++17";
				CLANG_ENABLE_MODULES = YES;
				CLANG_ENABLE_OBJC_ARC = YES;
				CLANG_ENABLE_OBJC_WEAK = YES;
				CLANG_WARN_BLOCK_CAPTURE_AUTORELEASING = YES;
				CLANG_WARN_BOOL_CONVERSION = YES;
				CLANG_WARN_COMMA = YES;
				CLANG_WARN_CONSTANT_CONVERSION = YES;
				CLANG_WARN_DEPRECATED_OBJC_IMPLEMENTATIONS = YES;
				CLANG_WARN_DIRECT_OBJC_ISA_USAGE = YES_ERROR;
				CLANG_WARN_DOCUMENTATION_COMMENTS = YES;
				CLANG_WARN_EMPTY_BODY = YES;
				CLANG_WARN_ENUM_CONVERSION = YES;
				CLANG_WARN_INFINITE_RECURSION = YES;
				CLANG_WARN_INT_CONVERSION = YES;
				CLANG_WARN_NON_LITERAL_NULL_CONVERSION = YES;
				CLANG_WARN_OBJC_IMPLICIT_RETAIN_SELF = YES;
				CLANG_WARN_OBJC_LITERAL_CONVERSION = YES;
				CLANG_WARN_OBJC_ROOT_CLASS = YES_ERROR;
				CLANG_WARN_QUOTED_INCLUDE_IN_FRAMEWORK_HEADER = YES;
				CLANG_WARN_RANGE_LOOP_ANALYSIS = YES;
				CLANG_WARN_STRICT_PROTOTYPES = YES;
				CLANG_WARN_SUSPICIOUS_MOVE = YES;
				CLANG_WARN_UNGUARDED_AVAILABILITY = YES_AGGRESSIVE;
				CLANG_WARN_UNREACHABLE_CODE = YES;
				CLANG_WARN__DUPLICATE_METHOD_MATCH = YES;
				COPY_PHASE_STRIP = NO;
				DEBUG_INFORMATION_FORMAT = "dwarf-with-dsym";
				ENABLE_NS_ASSERTIONS = NO;
				ENABLE_STRICT_OBJC_MSGSEND = YES;
				GCC_C_LANGUAGE_STANDARD = gnu11;
				GCC_NO_COMMON_BLOCKS = YES;
				GCC_WARN_64_TO_32_BIT_CONVERSION = YES;
				GCC_WARN_ABOUT_RETURN_TYPE = YES_ERROR;
				GCC_WARN_UNDECLARED_SELECTOR = YES;
				GCC_WARN_UNINITIALIZED_AUTOS = YES_AGGRESSIVE;
				GCC_WARN_UNUSED_FUNCTION = YES;
				GCC_WARN_UNUSED_VARIABLE = YES;
				IPHONEOS_DEPLOYMENT_TARGET = 15.5;
				MTL_ENABLE_DEBUG_INFO = NO;
				MTL_FAST_MATH = YES;
				SDKROOT = iphoneos;
				SWIFT_COMPILATION_MODE = wholemodule;
				SWIFT_OPTIMIZATION_LEVEL = "-O";
				VALIDATE_PRODUCT = YES;
			};
			name = Release;
		};
		E1F3C46828B7B2600039013E /* Debug */ = {
			isa = XCBuildConfiguration;
			buildSettings = {
				ASSETCATALOG_COMPILER_APPICON_NAME = AppIcon;
				ASSETCATALOG_COMPILER_GLOBAL_ACCENT_COLOR_NAME = AccentColor;
				CODE_SIGN_STYLE = Automatic;
				CURRENT_PROJECT_VERSION = 1;
				DEVELOPMENT_TEAM = XUYSV472G3;
				GENERATE_INFOPLIST_FILE = YES;
				INFOPLIST_FILE = DiscFlip/Info.plist;
				INFOPLIST_KEY_UIApplicationSupportsIndirectInputEvents = YES;
				INFOPLIST_KEY_UILaunchStoryboardName = LaunchScreen;
				INFOPLIST_KEY_UIMainStoryboardFile = Main;
				INFOPLIST_KEY_UISupportedInterfaceOrientations_iPad = "UIInterfaceOrientationPortrait UIInterfaceOrientationPortraitUpsideDown UIInterfaceOrientationLandscapeLeft UIInterfaceOrientationLandscapeRight";
				INFOPLIST_KEY_UISupportedInterfaceOrientations_iPhone = "UIInterfaceOrientationPortrait UIInterfaceOrientationLandscapeLeft UIInterfaceOrientationLandscapeRight";
				LD_RUNPATH_SEARCH_PATHS = (
					"$(inherited)",
					"@executable_path/Frameworks",
				);
				MARKETING_VERSION = 1.0;
				PRODUCT_BUNDLE_IDENTIFIER = com.brianaguirre.DiscFlip;
				PRODUCT_NAME = "$(TARGET_NAME)";
				SWIFT_EMIT_LOC_STRINGS = YES;
				SWIFT_VERSION = 5.0;
				TARGETED_DEVICE_FAMILY = "1,2";
			};
			name = Debug;
		};
		E1F3C46928B7B2600039013E /* Release */ = {
			isa = XCBuildConfiguration;
			buildSettings = {
				ASSETCATALOG_COMPILER_APPICON_NAME = AppIcon;
				ASSETCATALOG_COMPILER_GLOBAL_ACCENT_COLOR_NAME = AccentColor;
				CODE_SIGN_STYLE = Automatic;
				CURRENT_PROJECT_VERSION = 1;
				DEVELOPMENT_TEAM = XUYSV472G3;
				GENERATE_INFOPLIST_FILE = YES;
				INFOPLIST_FILE = DiscFlip/Info.plist;
				INFOPLIST_KEY_UIApplicationSupportsIndirectInputEvents = YES;
				INFOPLIST_KEY_UILaunchStoryboardName = LaunchScreen;
				INFOPLIST_KEY_UIMainStoryboardFile = Main;
				INFOPLIST_KEY_UISupportedInterfaceOrientations_iPad = "UIInterfaceOrientationPortrait UIInterfaceOrientationPortraitUpsideDown UIInterfaceOrientationLandscapeLeft UIInterfaceOrientationLandscapeRight";
				INFOPLIST_KEY_UISupportedInterfaceOrientations_iPhone = "UIInterfaceOrientationPortrait UIInterfaceOrientationLandscapeLeft UIInterfaceOrientationLandscapeRight";
				LD_RUNPATH_SEARCH_PATHS = (
					"$(inherited)",
					"@executable_path/Frameworks",
				);
				MARKETING_VERSION = 1.0;
				PRODUCT_BUNDLE_IDENTIFIER = com.brianaguirre.DiscFlip;
				PRODUCT_NAME = "$(TARGET_NAME)";
				SWIFT_EMIT_LOC_STRINGS = YES;
				SWIFT_VERSION = 5.0;
				TARGETED_DEVICE_FAMILY = "1,2";
			};
			name = Release;
		};
/* End XCBuildConfiguration section */

/* Begin XCConfigurationList section */
		E1F3C44E28B7B25A0039013E /* Build configuration list for PBXProject "DiscFlip" */ = {
			isa = XCConfigurationList;
			buildConfigurations = (
				E1F3C46528B7B2600039013E /* Debug */,
				E1F3C46628B7B2600039013E /* Release */,
			);
			defaultConfigurationIsVisible = 0;
			defaultConfigurationName = Release;
		};
		E1F3C46728B7B2600039013E /* Build configuration list for PBXNativeTarget "DiscFlip" */ = {
			isa = XCConfigurationList;
			buildConfigurations = (
				E1F3C46828B7B2600039013E /* Debug */,
				E1F3C46928B7B2600039013E /* Release */,
			);
			defaultConfigurationIsVisible = 0;
			defaultConfigurationName = Release;
		};
/* End XCConfigurationList section */
	};
	rootObject = E1F3C44B28B7B25A0039013E /* Project object */;
}
